
Microsoft Visual Studio Solution File, Format Version 12.00
# Visual Studio 15
VisualStudioVersion = 15.0.28307.271
MinimumVisualStudioVersion = 10.0.40219.1
Project("{9A19103F-16F7-4668-BE54-9A1E7A4F7556}") = "Angular7-WebAPI-Calendar", "Angular7-WebAPI-Calendar\Angular7-WebAPI-Calendar.csproj", "{B0E929E7-8027-4702-8DC0-02FE144F3776}"
EndProject
Project("{FAE04EC0-301F-11D3-BF4B-00C04F79EFBC}") = "Testing", "Testing\Testing.csproj", "{3B312F9A-DDEB-41A3-8134-664A5FC21650}"
EndProject
Global
	GlobalSection(SolutionConfigurationPlatforms) = preSolution
		Debug|Any CPU = Debug|Any CPU
		Release|Any CPU = Release|Any CPU
	EndGlobalSection
	GlobalSection(ProjectConfigurationPlatforms) = postSolution
		{B0E929E7-8027-4702-8DC0-02FE144F3776}.Debug|Any CPU.ActiveCfg = Debug|Any CPU
		{B0E929E7-8027-4702-8DC0-02FE144F3776}.Debug|Any CPU.Build.0 = Debug|Any CPU
		{B0E929E7-8027-4702-8DC0-02FE144F3776}.Release|Any CPU.ActiveCfg = Release|Any CPU
		{B0E929E7-8027-4702-8DC0-02FE144F3776}.Release|Any CPU.Build.0 = Release|Any CPU
		{3B312F9A-DDEB-41A3-8134-664A5FC21650}.Debug|Any CPU.ActiveCfg = Debug|Any CPU
		{3B312F9A-DDEB-41A3-8134-664A5FC21650}.Debug|Any CPU.Build.0 = Debug|Any CPU
		{3B312F9A-DDEB-41A3-8134-664A5FC21650}.Release|Any CPU.ActiveCfg = Release|Any CPU
		{3B312F9A-DDEB-41A3-8134-664A5FC21650}.Release|Any CPU.Build.0 = Release|Any CPU
	EndGlobalSection
	GlobalSection(SolutionProperties) = preSolution
		HideSolutionNode = FALSE
	EndGlobalSection
	GlobalSection(ExtensibilityGlobals) = postSolution
		SolutionGuid = {35A4AFD7-122B-4C6A-B28C-4E9ADD357275}
	EndGlobalSection
EndGlobal
